<?xml version="1.0" encoding="utf-8"?>
<Project ToolsVersion="4.0" xmlns="http://schemas.microsoft.com/developer/msbuild/2003">
  <ItemGroup>
    <Filter Include="sourcesFiles">
      <UniqueIdentifier>{4FC737F1-C7A5-4376-A066-2A32D752A2FF}</UniqueIdentifier>
      <Extensions>cpp;c;cc;cxx;def;odl;idl;hpj;bat;asm;asmx</Extensions>
    </Filter>
    <Filter Include="headerFiles">
      <UniqueIdentifier>{93995380-89BD-4b04-88EB-625FBE52EBFB}</UniqueIdentifier>
      <Extensions>h;hpp;hxx;hm;inl;inc;xsd</Extensions>
    </Filter>
  </ItemGroup>
  <ItemGroup>
    <ClCompile Include="DirectX.cpp">
      <Filter>sourcesFiles</Filter>
    </ClCompile>
    <ClCompile Include="Drawings.cpp">
      <Filter>sourcesFiles</Filter>
    </ClCompile>
    <ClCompile Include="Main.cpp">
      <Filter>sourcesFiles</Filter>
    </ClCompile>
    <ClCompile Include="Esp.cpp">
      <Filter>sourcesFiles</Filter>
    </ClCompile>
    <ClCompile Include="MemoryManager.cpp">
      <Filter>sourcesFiles</Filter>
    </ClCompile>
    <ClCompile Include="pch.cpp">
      <Filter>sourcesFiles</Filter>
    </ClCompile>
    <ClCompile Include="ProcManager.cpp">
      <Filter>sourcesFiles</Filter>
    </ClCompile>
    <ClCompile Include="Utilities.cpp">
      <Filter>sourcesFiles</Filter>
    </ClCompile>
  </ItemGroup>
  <ItemGroup>
    <ClInclude Include="DirectX.h">
      <Filter>headerFiles</Filter>
    </ClInclude>
    <ClInclude Include="Drawings.h">
      <Filter>headerFiles</Filter>
    </ClInclude>
    <ClInclude Include="Main.h">
      <Filter>headerFiles</Filter>
    </ClInclude>
    <ClInclude Include="communications.hpp">
      <Filter>headerFiles</Filter>
    </ClInclude>
    <ClInclude Include="Esp.h">
      <Filter>headerFiles</Filter>
    </ClInclude>
    <ClInclude Include="kernelinterface.hpp">
      <Filter>headerFiles</Filter>
    </ClInclude>
    <ClInclude Include="MemoryManager.h">
      <Filter>headerFiles</Filter>
    </ClInclude>
    <ClInclude Include="pch.h">
      <Filter>headerFiles</Filter>
    </ClInclude>
    <ClInclude Include="ProcManager.h">
      <Filter>headerFiles</Filter>
    </ClInclude>
    <ClInclude Include="termcolor.h">
      <Filter>headerFiles</Filter>
    </ClInclude>
    <ClInclude Include="Utilities.h">
      <Filter>headerFiles</Filter>
    </ClInclude>
  </ItemGroup>
</Project>